
Microsoft Visual Studio Solution File, Format Version 12.00
# Visual Studio Version 16
VisualStudioVersion = 16.0.29009.5
MinimumVisualStudioVersion = 10.0.40219.1
Project("{FAE04EC0-301F-11D3-BF4B-00C04F79EFBC}") = "Calabonga.EntityFrameworkCore.Entities.Base", "Calabonga.EntityFrameworkCore.Entities.Base\Calabonga.EntityFrameworkCore.Entities.Base.csproj", "{6CA28D03-E143-4414-B3DB-6120D3CA2F7F}"
EndProject
Global
	GlobalSection(SolutionConfigurationPlatforms) = preSolution
		Debug|Any CPU = Debug|Any CPU
		Release|Any CPU = Release|Any CPU
	EndGlobalSection
	GlobalSection(ProjectConfigurationPlatforms) = postSolution
		{6CA28D03-E143-4414-B3DB-6120D3CA2F7F}.Debug|Any CPU.ActiveCfg = Debug|Any CPU
		{6CA28D03-E143-4414-B3DB-6120D3CA2F7F}.Debug|Any CPU.Build.0 = Debug|Any CPU
		{6CA28D03-E143-4414-B3DB-6120D3CA2F7F}.Release|Any CPU.ActiveCfg = Release|Any CPU
		{6CA28D03-E143-4414-B3DB-6120D3CA2F7F}.Release|Any CPU.Build.0 = Release|Any CPU
	EndGlobalSection
	GlobalSection(SolutionProperties) = preSolution
		HideSolutionNode = FALSE
	EndGlobalSection
	GlobalSection(ExtensibilityGlobals) = postSolution
		SolutionGuid = {0DB9D4A4-3C5F-492B-B78E-D0D7BD485ACC}
	EndGlobalSection
EndGlobal
